# This file is automatically @generated by Cargo.
# It is not intended for manual editing.
version = 3

[[package]]
name = "bitflags"
version = "2.4.0"
source = "registry+https://github.com/rust-lang/crates.io-index"
checksum = "b4682ae6287fcf752ecaabbfcc7b6f9b72aa33933dc23a554d853aea8eea8635"

[[package]]
name = "fls"
version = "0.1.0"
dependencies = [
 "libc",
 "unicode-width",
 "veneer",
]

[[package]]
name = "libc"
version = "0.2.126"
source = "registry+https://github.com/rust-lang/crates.io-index"
checksum = "349d5a591cd28b49e1d1037471617a32ddcda5731b99419008085f72d5a53836"

[[package]]
name = "sc"
version = "0.2.7"
source = "registry+https://github.com/rust-lang/crates.io-index"
checksum = "010e18bd3bfd1d45a7e666b236c78720df0d9a7698ebaa9c1c559961eb60a38b"

[[package]]
name = "unicode-width"
version = "0.1.9"
source = "registry+https://github.com/rust-lang/crates.io-index"
checksum = "3ed742d4ea2bd1176e236172c8429aaf54486e7ac098db29ffe6529e0ce50973"

[[package]]
name = "veneer"
version = "0.2.0"
source = "registry+https://github.com/rust-lang/crates.io-index"
checksum = "6774b6627b08e6d8ddb2258c97024f6d6def2bd20d2c466beb487a8933c6c9dd"
dependencies = [
 "bitflags",
 "libc",
 "sc",
 "veneer-macros",
]

[[package]]
name = "veneer-macros"
version = "0.1.0"
source = "registry+https://github.com/rust-lang/crates.io-index"
checksum = "32601344864a9c847d17659705ec942c2e8d9c6ea04e4bc9923164a31ca2697f"
