# This file is automatically @generated by Cargo.
# It is not intended for manual editing.
version = 3

[[package]]
name = "bitflags"
version = "1.2.1"
source = "registry+https://github.com/rust-lang/crates.io-index"
checksum = "cf1de2fe8c75bc145a2f577add951f8134889b4795d47466a54a5c846d691693"

[[package]]
name = "fls"
version = "0.1.0"
dependencies = [
 "itoa",
 "libc",
 "unicode-segmentation",
 "veneer",
]

[[package]]
name = "itoa"
version = "0.4.7"
source = "registry+https://github.com/rust-lang/crates.io-index"
checksum = "dd25036021b0de88a0aff6b850051563c6516d0bf53f8638938edbb9de732736"

[[package]]
name = "libc"
version = "0.2.94"
source = "registry+https://github.com/rust-lang/crates.io-index"
checksum = "18794a8ad5b29321f790b55d93dfba91e125cb1a9edbd4f8e3150acc771c1a5e"

[[package]]
name = "sc"
version = "0.2.4"
source = "registry+https://github.com/rust-lang/crates.io-index"
checksum = "d6c362b5ec9cd8c12544e0ad4a610855204a0f127163d122e1d2f51f249d8404"

[[package]]
name = "unicode-segmentation"
version = "1.7.1"
source = "registry+https://github.com/rust-lang/crates.io-index"
checksum = "bb0d2e7be6ae3a5fa87eed5fb451aff96f2573d2694942e40543ae0bbe19c796"

[[package]]
name = "veneer"
version = "0.1.0"
source = "git+https://github.com/saethlin/veneer#e443f40aeabfecd978e999c089d8cbcd780fb8e7"
dependencies = [
 "bitflags",
 "libc",
 "sc",
]
